
Microsoft Visual Studio Solution File, Format Version 12.00
# Visual Studio Version 16
VisualStudioVersion = 16.0.29609.76
MinimumVisualStudioVersion = 10.0.40219.1
Project("{FAE04EC0-301F-11D3-BF4B-00C04F79EFBC}") = "ecgmonitor", "ecgmonitor.csproj", "{107E5CDD-FC09-44A1-9547-5E5C71BDF554}"
EndProject
Global
	GlobalSection(SolutionConfigurationPlatforms) = preSolution
		Debug|Any CPU = Debug|Any CPU
		Release|Any CPU = Release|Any CPU
	EndGlobalSection
	GlobalSection(ProjectConfigurationPlatforms) = postSolution
		{107E5CDD-FC09-44A1-9547-5E5C71BDF554}.Debug|Any CPU.ActiveCfg = Debug|Any CPU
		{107E5CDD-FC09-44A1-9547-5E5C71BDF554}.Debug|Any CPU.Build.0 = Debug|Any CPU
		{107E5CDD-FC09-44A1-9547-5E5C71BDF554}.Release|Any CPU.ActiveCfg = Release|Any CPU
		{107E5CDD-FC09-44A1-9547-5E5C71BDF554}.Release|Any CPU.Build.0 = Release|Any CPU
	EndGlobalSection
	GlobalSection(SolutionProperties) = preSolution
		HideSolutionNode = FALSE
	EndGlobalSection
	GlobalSection(ExtensibilityGlobals) = postSolution
		SolutionGuid = {3E53C643-719B-4E07-B2DE-0ABFBE869DC6}
	EndGlobalSection
EndGlobal
